
Microsoft Visual Studio Solution File, Format Version 12.00
# Visual Studio Version 17
VisualStudioVersion = 17.2.32616.157
MinimumVisualStudioVersion = 10.0.40219.1
Project("{FAE04EC0-301F-11D3-BF4B-00C04F79EFBC}") = "AD Arduino File Sender v1.0", "AD Arduino File Sender v1.0.csproj", "{902117CD-D238-4868-8212-A957C63FE5D7}"
EndProject
Global
	GlobalSection(SolutionConfigurationPlatforms) = preSolution
		Debug|Any CPU = Debug|Any CPU
		Release|Any CPU = Release|Any CPU
	EndGlobalSection
	GlobalSection(ProjectConfigurationPlatforms) = postSolution
		{902117CD-D238-4868-8212-A957C63FE5D7}.Debug|Any CPU.ActiveCfg = Debug|Any CPU
		{902117CD-D238-4868-8212-A957C63FE5D7}.Debug|Any CPU.Build.0 = Debug|Any CPU
		{902117CD-D238-4868-8212-A957C63FE5D7}.Release|Any CPU.ActiveCfg = Release|Any CPU
		{902117CD-D238-4868-8212-A957C63FE5D7}.Release|Any CPU.Build.0 = Release|Any CPU
	EndGlobalSection
	GlobalSection(SolutionProperties) = preSolution
		HideSolutionNode = FALSE
	EndGlobalSection
	GlobalSection(ExtensibilityGlobals) = postSolution
		SolutionGuid = {2069D409-612D-4330-8C6B-2760783B2564}
	EndGlobalSection
EndGlobal
